
Microsoft Visual Studio Solution File, Format Version 12.00
# Visual Studio 15
VisualStudioVersion = 15.0.27703.2035
MinimumVisualStudioVersion = 10.0.40219.1
Project("{FAE04EC0-301F-11D3-BF4B-00C04F79EFBC}") = "AutoMapper.Verifier", "AutoMapper.Verifier\AutoMapper.Verifier.csproj", "{6091771D-1163-49D2-86E4-BED6A1239866}"
EndProject
Project("{FAE04EC0-301F-11D3-BF4B-00C04F79EFBC}") = "AutoMapper.Verifier.GUI", "AutoMapper.Verifier.GUI\AutoMapper.Verifier.GUI.csproj", "{421F4CB7-7A6B-4343-9C3D-A5E8990E7680}"
EndProject
Global
	GlobalSection(SolutionConfigurationPlatforms) = preSolution
		Debug|Any CPU = Debug|Any CPU
		Release|Any CPU = Release|Any CPU
	EndGlobalSection
	GlobalSection(ProjectConfigurationPlatforms) = postSolution
		{6091771D-1163-49D2-86E4-BED6A1239866}.Debug|Any CPU.ActiveCfg = Debug|Any CPU
		{6091771D-1163-49D2-86E4-BED6A1239866}.Debug|Any CPU.Build.0 = Debug|Any CPU
		{6091771D-1163-49D2-86E4-BED6A1239866}.Release|Any CPU.ActiveCfg = Release|Any CPU
		{6091771D-1163-49D2-86E4-BED6A1239866}.Release|Any CPU.Build.0 = Release|Any CPU
		{421F4CB7-7A6B-4343-9C3D-A5E8990E7680}.Debug|Any CPU.ActiveCfg = Debug|Any CPU
		{421F4CB7-7A6B-4343-9C3D-A5E8990E7680}.Debug|Any CPU.Build.0 = Debug|Any CPU
		{421F4CB7-7A6B-4343-9C3D-A5E8990E7680}.Release|Any CPU.ActiveCfg = Release|Any CPU
		{421F4CB7-7A6B-4343-9C3D-A5E8990E7680}.Release|Any CPU.Build.0 = Release|Any CPU
	EndGlobalSection
	GlobalSection(SolutionProperties) = preSolution
		HideSolutionNode = FALSE
	EndGlobalSection
	GlobalSection(ExtensibilityGlobals) = postSolution
		SolutionGuid = {37BFA54B-6E9E-498D-B9FC-8EC31AB4EB7B}
	EndGlobalSection
EndGlobal
